
Microsoft Visual Studio Solution File, Format Version 12.00
# Visual Studio Version 17
VisualStudioVersion = 17.8.34330.188
MinimumVisualStudioVersion = 10.0.40219.1
Project("{FAE04EC0-301F-11D3-BF4B-00C04F79EFBC}") = "clinic", "clinic.csproj", "{A0433548-942B-4D01-A13B-D90EE457AE67}"
EndProject
Global
	GlobalSection(SolutionConfigurationPlatforms) = preSolution
		Debug|Any CPU = Debug|Any CPU
		Release|Any CPU = Release|Any CPU
	EndGlobalSection
	GlobalSection(ProjectConfigurationPlatforms) = postSolution
		{A0433548-942B-4D01-A13B-D90EE457AE67}.Debug|Any CPU.ActiveCfg = Debug|Any CPU
		{A0433548-942B-4D01-A13B-D90EE457AE67}.Debug|Any CPU.Build.0 = Debug|Any CPU
		{A0433548-942B-4D01-A13B-D90EE457AE67}.Release|Any CPU.ActiveCfg = Release|Any CPU
		{A0433548-942B-4D01-A13B-D90EE457AE67}.Release|Any CPU.Build.0 = Release|Any CPU
	EndGlobalSection
	GlobalSection(SolutionProperties) = preSolution
		HideSolutionNode = FALSE
	EndGlobalSection
	GlobalSection(ExtensibilityGlobals) = postSolution
		SolutionGuid = {B61DE311-BFE5-48B9-BF66-4A325EC02C28}
	EndGlobalSection
EndGlobal
